// !$*UTF8*$!
{
	archiveVersion = 1;
	classes = {
	};
	objectVersion = 77;
	objects = {

/* Begin PBXBuildFile section */
		1D0000000000000000000014 /* FluidAudio in Frameworks */ = {isa = PBXBuildFile; productRef = 1D0000000000000000000013 /* FluidAudio */; };
		1D0000000000000000000019 /* MLXLLM in Frameworks */ = {isa = PBXBuildFile; productRef = 1D0000000000000000000018 /* MLXLLM */; };
		1D000000000000000000001B /* MLXLMCommon in Frameworks */ = {isa = PBXBuildFile; productRef = 1D000000000000000000001A /* MLXLMCommon */; };
		1D000000000000000000001D /* MLX in Frameworks */ = {isa = PBXBuildFile; productRef = 1D000000000000000000001C /* MLX */; };
		1D000000000000000000001F /* Tokenizers in Frameworks */ = {isa = PBXBuildFile; productRef = 1D000000000000000000001E /* Tokenizers */; };
		1D0000000000000000000022 /* Sparkle in Frameworks */ = {isa = PBXBuildFile; productRef = 1D0000000000000000000021 /* Sparkle */; };
/* End PBXBuildFile section */

/* Begin PBXFileReference section */
		1D0000000000000000000004 /* HeyVedu.app */ = {isa = PBXFileReference; explicitFileType = wrapper.application; includeInIndex = 0; path = HeyVedu.app; sourceTree = BUILT_PRODUCTS_DIR; };
		1D0000000000000000000011 /* HeyVedu.entitlements */ = {isa = PBXFileReference; lastKnownFileType = text.plist.entitlements; path = HeyVedu.entitlements; sourceTree = "<group>"; };
		1D0000000000000000000023 /* Info.plist */ = {isa = PBXFileReference; lastKnownFileType = text.plist.xml; path = Info.plist; sourceTree = "<group>"; };
/* End PBXFileReference section */

/* Begin PBXFileSystemSynchronizedRootGroup section */
		1D0000000000000000000005 /* HeyVedu */ = {
			isa = PBXFileSystemSynchronizedRootGroup;
			path = HeyVedu;
			sourceTree = "<group>";
		};
/* End PBXFileSystemSynchronizedRootGroup section */

/* Begin PBXFrameworksBuildPhase section */
		1D0000000000000000000008 /* Frameworks */ = {
			isa = PBXFrameworksBuildPhase;
			buildActionMask = 2147483647;
			files = (
				1D0000000000000000000014 /* FluidAudio in Frameworks */,
				1D0000000000000000000019 /* MLXLLM in Frameworks */,
				1D000000000000000000001B /* MLXLMCommon in Frameworks */,
				1D000000000000000000001D /* MLX in Frameworks */,
				1D000000000000000000001F /* Tokenizers in Frameworks */,
				1D0000000000000000000022 /* Sparkle in Frameworks */,
			);
			runOnlyForDeploymentPostprocessing = 0;
		};
/* End PBXFrameworksBuildPhase section */

/* Begin PBXGroup section */
		1D0000000000000000000002 = {
			isa = PBXGroup;
			children = (
				1D0000000000000000000010 /* Config */,
				1D0000000000000000000005 /* HeyVedu */,
				1D0000000000000000000003 /* Products */,
			);
			sourceTree = "<group>";
		};
		1D0000000000000000000003 /* Products */ = {
			isa = PBXGroup;
			children = (
				1D0000000000000000000004 /* HeyVedu.app */,
			);
			name = Products;
			sourceTree = "<group>";
		};
		1D0000000000000000000010 /* Config */ = {
			isa = PBXGroup;
			children = (
				1D0000000000000000000011 /* HeyVedu.entitlements */,
				1D0000000000000000000023 /* Info.plist */,
			);
			path = Config;
			sourceTree = "<group>";
		};
/* End PBXGroup section */

/* Begin PBXNativeTarget section */
		1D0000000000000000000006 /* HeyVedu */ = {
			isa = PBXNativeTarget;
			buildConfigurationList = 1D000000000000000000000D /* Build configuration list for PBXNativeTarget "HeyVedu" */;
			buildPhases = (
				1D0000000000000000000007 /* Sources */,
				1D0000000000000000000008 /* Frameworks */,
				1D0000000000000000000009 /* Resources */,
			);
			buildRules = (
			);
			dependencies = (
			);
			fileSystemSynchronizedGroups = (
				1D0000000000000000000005 /* HeyVedu */,
			);
			name = HeyVedu;
			packageProductDependencies = (
				1D0000000000000000000013 /* FluidAudio */,
				1D0000000000000000000018 /* MLXLLM */,
				1D000000000000000000001A /* MLXLMCommon */,
				1D000000000000000000001C /* MLX */,
				1D000000000000000000001E /* Tokenizers */,
				1D0000000000000000000021 /* Sparkle */,
			);
			productName = HeyVedu;
			productReference = 1D0000000000000000000004 /* HeyVedu.app */;
			productType = "com.apple.product-type.application";
		};
/* End PBXNativeTarget section */

/* Begin PBXProject section */
		1D0000000000000000000001 /* Project object */ = {
			isa = PBXProject;
			attributes = {
				BuildIndependentTargetsInParallel = 1;
				LastSwiftUpdateCheck = 2600;
				LastUpgradeCheck = 2600;
				TargetAttributes = {
					1D0000000000000000000006 = {
						CreatedOnToolsVersion = 26.0;
					};
				};
			};
			buildConfigurationList = 1D000000000000000000000A /* Build configuration list for PBXProject "HeyVedu" */;
			developmentRegion = en;
			hasScannedForEncodings = 0;
			knownRegions = (
				en,
				Base,
			);
			mainGroup = 1D0000000000000000000002;
			minimizedProjectReferenceProxies = 1;
			packageReferences = (
				1D0000000000000000000012 /* XCRemoteSwiftPackageReference "FluidAudio" */,
				1D0000000000000000000015 /* XCRemoteSwiftPackageReference "mlx-swift-lm" */,
				1D0000000000000000000016 /* XCRemoteSwiftPackageReference "mlx-swift" */,
				1D0000000000000000000017 /* XCRemoteSwiftPackageReference "swift-transformers" */,
				1D0000000000000000000020 /* XCRemoteSwiftPackageReference "Sparkle" */,
			);
			preferredProjectObjectVersion = 77;
			productRefGroup = 1D0000000000000000000003 /* Products */;
			projectDirPath = "";
			projectRoot = "";
			targets = (
				1D0000000000000000000006 /* HeyVedu */,
			);
		};
/* End PBXProject section */

/* Begin PBXResourcesBuildPhase section */
		1D0000000000000000000009 /* Resources */ = {
			isa = PBXResourcesBuildPhase;
			buildActionMask = 2147483647;
			files = (
			);
			runOnlyForDeploymentPostprocessing = 0;
		};
/* End PBXResourcesBuildPhase section */

/* Begin PBXSourcesBuildPhase section */
		1D0000000000000000000007 /* Sources */ = {
			isa = PBXSourcesBuildPhase;
			buildActionMask = 2147483647;
			files = (
			);
			runOnlyForDeploymentPostprocessing = 0;
		};
/* End PBXSourcesBuildPhase section */

/* Begin XCBuildConfiguration section */
		1D000000000000000000000B /* Debug */ = {
			isa = XCBuildConfiguration;
			buildSettings = {
				ALWAYS_SEARCH_USER_PATHS = NO;
				CLANG_ENABLE_MODULES = YES;
				CLANG_ENABLE_OBJC_ARC = YES;
				COPY_PHASE_STRIP = NO;
				DEBUG_INFORMATION_FORMAT = dwarf;
				ENABLE_STRICT_OBJC_MSGSEND = YES;
				ENABLE_TESTABILITY = YES;
				ENABLE_USER_SCRIPT_SANDBOXING = YES;
				GCC_C_LANGUAGE_STANDARD = gnu17;
				GCC_OPTIMIZATION_LEVEL = 0;
				GCC_PREPROCESSOR_DEFINITIONS = (
					"DEBUG=1",
					"$(inherited)",
				);
				MACOSX_DEPLOYMENT_TARGET = 26.4;
				ONLY_ACTIVE_ARCH = YES;
				SDKROOT = macosx;
				SWIFT_ACTIVE_COMPILATION_CONDITIONS = "DEBUG $(inherited)";
				SWIFT_OPTIMIZATION_LEVEL = "-Onone";
			};
			name = Debug;
		};
		1D000000000000000000000C /* Release */ = {
			isa = XCBuildConfiguration;
			buildSettings = {
				ALWAYS_SEARCH_USER_PATHS = NO;
				CLANG_ENABLE_MODULES = YES;
				CLANG_ENABLE_OBJC_ARC = YES;
				COPY_PHASE_STRIP = NO;
				DEBUG_INFORMATION_FORMAT = "dwarf-with-dsym";
				ENABLE_NS_ASSERTIONS = NO;
				ENABLE_STRICT_OBJC_MSGSEND = YES;
				ENABLE_USER_SCRIPT_SANDBOXING = YES;
				GCC_C_LANGUAGE_STANDARD = gnu17;
				MACOSX_DEPLOYMENT_TARGET = 26.4;
				SDKROOT = macosx;
				SWIFT_COMPILATION_MODE = wholemodule;
			};
			name = Release;
		};
		1D000000000000000000000E /* Debug */ = {
			isa = XCBuildConfiguration;
			buildSettings = {
				ASSETCATALOG_COMPILER_APPICON_NAME = AppIcon;
				CODE_SIGN_ENTITLEMENTS = Config/HeyVedu.entitlements;
				CODE_SIGN_IDENTITY = "-";
				CODE_SIGN_STYLE = Manual;
				COMBINE_HIDPI_IMAGES = YES;
				CURRENT_PROJECT_VERSION = 1;
				DEVELOPMENT_TEAM = "";
				ENABLE_APP_SANDBOX = NO;
				ENABLE_HARDENED_RUNTIME = YES;
				GENERATE_INFOPLIST_FILE = YES;
				INFOPLIST_FILE = Config/Info.plist;
				INFOPLIST_KEY_CFBundleDisplayName = HeyVedu;
				INFOPLIST_KEY_LSApplicationCategoryType = "public.app-category.productivity";
				INFOPLIST_KEY_NSMicrophoneUsageDescription = "HeyVedu records audio only while you hold Control+Option, and transcribes it on this Mac.";
				LD_RUNPATH_SEARCH_PATHS = (
					"$(inherited)",
					"@executable_path/../Frameworks",
				);
				MARKETING_VERSION = 0.1.0;
				PRODUCT_BUNDLE_IDENTIFIER = com.heyvedu.app;
				PRODUCT_NAME = "$(TARGET_NAME)";
				SWIFT_APPROACHABLE_CONCURRENCY = YES;
				SWIFT_DEFAULT_ACTOR_ISOLATION = MainActor;
				SWIFT_EMIT_LOC_STRINGS = YES;
				SWIFT_VERSION = 6.0;
			};
			name = Debug;
		};
		1D000000000000000000000F /* Release */ = {
			isa = XCBuildConfiguration;
			buildSettings = {
				ASSETCATALOG_COMPILER_APPICON_NAME = AppIcon;
				CODE_SIGN_ENTITLEMENTS = Config/HeyVedu.entitlements;
				CODE_SIGN_IDENTITY = "-";
				CODE_SIGN_STYLE = Manual;
				COMBINE_HIDPI_IMAGES = YES;
				CURRENT_PROJECT_VERSION = 1;
				DEVELOPMENT_TEAM = "";
				ENABLE_APP_SANDBOX = NO;
				ENABLE_HARDENED_RUNTIME = YES;
				GENERATE_INFOPLIST_FILE = YES;
				INFOPLIST_FILE = Config/Info.plist;
				INFOPLIST_KEY_CFBundleDisplayName = HeyVedu;
				INFOPLIST_KEY_LSApplicationCategoryType = "public.app-category.productivity";
				INFOPLIST_KEY_NSMicrophoneUsageDescription = "HeyVedu records audio only while you hold Control+Option, and transcribes it on this Mac.";
				LD_RUNPATH_SEARCH_PATHS = (
					"$(inherited)",
					"@executable_path/../Frameworks",
				);
				MARKETING_VERSION = 0.1.0;
				PRODUCT_BUNDLE_IDENTIFIER = com.heyvedu.app;
				PRODUCT_NAME = "$(TARGET_NAME)";
				SWIFT_APPROACHABLE_CONCURRENCY = YES;
				SWIFT_DEFAULT_ACTOR_ISOLATION = MainActor;
				SWIFT_EMIT_LOC_STRINGS = YES;
				SWIFT_VERSION = 6.0;
			};
			name = Release;
		};
/* End XCBuildConfiguration section */

/* Begin XCConfigurationList section */
		1D000000000000000000000A /* Build configuration list for PBXProject "HeyVedu" */ = {
			isa = XCConfigurationList;
			buildConfigurations = (
				1D000000000000000000000B /* Debug */,
				1D000000000000000000000C /* Release */,
			);
			defaultConfigurationIsVisible = 0;
			defaultConfigurationName = Release;
		};
		1D000000000000000000000D /* Build configuration list for PBXNativeTarget "HeyVedu" */ = {
			isa = XCConfigurationList;
			buildConfigurations = (
				1D000000000000000000000E /* Debug */,
				1D000000000000000000000F /* Release */,
			);
			defaultConfigurationIsVisible = 0;
			defaultConfigurationName = Release;
		};
/* End XCConfigurationList section */

/* Begin XCRemoteSwiftPackageReference section */
		1D0000000000000000000012 /* XCRemoteSwiftPackageReference "FluidAudio" */ = {
			isa = XCRemoteSwiftPackageReference;
			repositoryURL = "https://github.com/FluidInference/FluidAudio.git";
			requirement = {
				kind = exactVersion;
				version = 0.17.1;
			};
		};
		1D0000000000000000000015 /* XCRemoteSwiftPackageReference "mlx-swift-lm" */ = {
			isa = XCRemoteSwiftPackageReference;
			repositoryURL = "https://github.com/ml-explore/mlx-swift-lm.git";
			requirement = {
				kind = exactVersion;
				version = 3.31.4;
			};
		};
		1D0000000000000000000016 /* XCRemoteSwiftPackageReference "mlx-swift" */ = {
			isa = XCRemoteSwiftPackageReference;
			repositoryURL = "https://github.com/ml-explore/mlx-swift.git";
			requirement = {
				kind = exactVersion;
				version = 0.31.6;
			};
		};
		1D0000000000000000000017 /* XCRemoteSwiftPackageReference "swift-transformers" */ = {
			isa = XCRemoteSwiftPackageReference;
			repositoryURL = "https://github.com/huggingface/swift-transformers.git";
			requirement = {
				kind = exactVersion;
				version = 1.3.4;
			};
		};
		1D0000000000000000000020 /* XCRemoteSwiftPackageReference "Sparkle" */ = {
			isa = XCRemoteSwiftPackageReference;
			repositoryURL = "https://github.com/sparkle-project/Sparkle";
			requirement = {
				kind = exactVersion;
				version = 2.10.0;
			};
		};
/* End XCRemoteSwiftPackageReference section */

/* Begin XCSwiftPackageProductDependency section */
		1D0000000000000000000013 /* FluidAudio */ = {
			isa = XCSwiftPackageProductDependency;
			package = 1D0000000000000000000012 /* XCRemoteSwiftPackageReference "FluidAudio" */;
			productName = FluidAudio;
		};
		1D0000000000000000000018 /* MLXLLM */ = {
			isa = XCSwiftPackageProductDependency;
			package = 1D0000000000000000000015 /* XCRemoteSwiftPackageReference "mlx-swift-lm" */;
			productName = MLXLLM;
		};
		1D000000000000000000001A /* MLXLMCommon */ = {
			isa = XCSwiftPackageProductDependency;
			package = 1D0000000000000000000015 /* XCRemoteSwiftPackageReference "mlx-swift-lm" */;
			productName = MLXLMCommon;
		};
		1D000000000000000000001C /* MLX */ = {
			isa = XCSwiftPackageProductDependency;
			package = 1D0000000000000000000016 /* XCRemoteSwiftPackageReference "mlx-swift" */;
			productName = MLX;
		};
		1D000000000000000000001E /* Tokenizers */ = {
			isa = XCSwiftPackageProductDependency;
			package = 1D0000000000000000000017 /* XCRemoteSwiftPackageReference "swift-transformers" */;
			productName = Tokenizers;
		};
		1D0000000000000000000021 /* Sparkle */ = {
			isa = XCSwiftPackageProductDependency;
			package = 1D0000000000000000000020 /* XCRemoteSwiftPackageReference "Sparkle" */;
			productName = Sparkle;
		};
/* End XCSwiftPackageProductDependency section */
	};
	rootObject = 1D0000000000000000000001 /* Project object */;
}
